# THIS IS AN AUTOGENERATED FILE. DO NOT EDIT THIS FILE DIRECTLY.
# yarn lockfile v1


d3-array@^1.2.0:
  version "1.2.1"
  resolved "https://registry.yarnpkg.com/d3-array/-/d3-array-1.2.1.tgz#d1ca33de2f6ac31efadb8e050a021d7e2396d5dc"

d3-collection@1:
  version "1.0.4"
  resolved "https://registry.yarnpkg.com/d3-collection/-/d3-collection-1.0.4.tgz#342dfd12837c90974f33f1cc0a785aea570dcdc2"

d3-color@1:
  version "1.0.3"
  resolved "https://registry.yarnpkg.com/d3-color/-/d3-color-1.0.3.tgz#bc7643fca8e53a8347e2fbdaffa236796b58509b"

d3-ease@^1.0.0:
  version "1.0.3"
  resolved "https://registry.yarnpkg.com/d3-ease/-/d3-ease-1.0.3.tgz#68bfbc349338a380c44d8acc4fbc3304aa2d8c0e"

d3-format@1:
  version "1.2.0"
  resolved "https://registry.yarnpkg.com/d3-format/-/d3-format-1.2.0.tgz#6b480baa886885d4651dc248a8f4ac9da16db07a"

d3-interpolate@1, d3-interpolate@^1.1.1:
  version "1.1.5"
  resolved "https://registry.yarnpkg.com/d3-interpolate/-/d3-interpolate-1.1.5.tgz#69e099ff39214716e563c9aec3ea9d1ea4b8a79f"
  dependencies:
    d3-color "1"

d3-path@1:
  version "1.0.5"
  resolved "https://registry.yarnpkg.com/d3-path/-/d3-path-1.0.5.tgz#241eb1849bd9e9e8021c0d0a799f8a0e8e441764"

d3-scale@^1.0.0:
  version "1.0.6"
  resolved "https://registry.yarnpkg.com/d3-scale/-/d3-scale-1.0.6.tgz#bce19da80d3a0cf422c9543ae3322086220b34ed"
  dependencies:
    d3-array "^1.2.0"
    d3-collection "1"
    d3-color "1"
    d3-format "1"
    d3-interpolate "1"
    d3-time "1"
    d3-time-format "2"

d3-shape@^1.0.0, d3-shape@^1.2.0:
  version "1.2.0"
  resolved "https://registry.yarnpkg.com/d3-shape/-/d3-shape-1.2.0.tgz#45d01538f064bafd05ea3d6d2cb748fd8c41f777"
  dependencies:
    d3-path "1"

d3-time-format@2:
  version "2.1.0"
  resolved "https://registry.yarnpkg.com/d3-time-format/-/d3-time-format-2.1.0.tgz#a1d9540a1dc498817d44066b121b19a4a83e3531"
  dependencies:
    d3-time "1"

d3-time@1:
  version "1.0.7"
  resolved "https://registry.yarnpkg.com/d3-time/-/d3-time-1.0.7.tgz#94caf6edbb7879bb809d0d1f7572bc48482f7270"

d3-timer@^1.0.0:
  version "1.0.7"
  resolved "https://registry.yarnpkg.com/d3-timer/-/d3-timer-1.0.7.tgz#df9650ca587f6c96607ff4e60cc38229e8dd8531"

d3-voronoi@^1.1.2:
  version "1.1.2"
  resolved "https://registry.yarnpkg.com/d3-voronoi/-/d3-voronoi-1.1.2.tgz#1687667e8f13a2d158c80c1480c5a29cb0d8973c"

lodash@^4.17.4:
  version "4.17.4"
  resolved "https://registry.yarnpkg.com/lodash/-/lodash-4.17.4.tgz#78203a4d1c328ae1d86dca6460e369b57f4055ae"

victory-chart@^24.0.0:
  version "24.1.0"
  resolved "https://registry.yarnpkg.com/victory-chart/-/victory-chart-24.1.0.tgz#d8408a182bc21d23f42646dbee57708b1a2bce2d"
  dependencies:
    d3-voronoi "^1.1.2"
    lodash "^4.17.4"
    victory-core "^20.0.0"

victory-core@^20.0.0:
  version "20.0.0"
  resolved "https://registry.yarnpkg.com/victory-core/-/victory-core-20.0.0.tgz#ab17863b57d4178e3c6434362fa461022656d5f2"
  dependencies:
    d3-ease "^1.0.0"
    d3-interpolate "^1.1.1"
    d3-scale "^1.0.0"
    d3-shape "^1.2.0"
    d3-timer "^1.0.0"
    lodash "^4.17.4"

victory-pie@^13.0.1:
  version "13.0.1"
  resolved "https://registry.yarnpkg.com/victory-pie/-/victory-pie-13.0.1.tgz#08040d2ec44f3e70a169a6cb60a87eb6bd2b1dfe"
  dependencies:
    d3-shape "^1.0.0"
    lodash "^4.17.4"
    victory-core "^20.0.0"

victory@^0.24.0:
  version "0.24.0"
  resolved "https://registry.yarnpkg.com/victory/-/victory-0.24.0.tgz#6f45a0770713b814dedce4e8c879c5ac5e359814"
  dependencies:
    victory-chart "^24.0.0"
    victory-core "^20.0.0"
    victory-pie "^13.0.1"
